# THIS IS AN AUTOGENERATED FILE. DO NOT EDIT THIS FILE DIRECTLY.
# yarn lockfile v1


"@faker-js/faker@^9.0.0":
  version "9.0.0"
  resolved "https://registry.yarnpkg.com/@faker-js/faker/-/faker-9.0.0.tgz#3cc9af90c784d1081ebd0d85ea10bc648fc5c981"
  integrity sha512-dTDHJSmz6c1OJ6HO7jiUiIb4sB20Dlkb3pxYsKm0qTXm2Bmj97rlXIhlvaFsW2rvCi+OLlwKLVSS6ZxFUVZvjQ==

"@playwright/test@^1.46.1":
  version "1.46.1"
  resolved "https://registry.yarnpkg.com/@playwright/test/-/test-1.46.1.tgz#a8dfdcd623c4c23bb1b7ea588058aad41055c188"
  integrity sha512-Fq6SwLujA/DOIvNC2EL/SojJnkKf/rAwJ//APpJJHRyMi1PdKrY3Az+4XNQ51N4RTbItbIByQ0jgd1tayq1aeA==
  dependencies:
    playwright "1.46.1"

"@types/node@^20.12.8":
  version "20.12.8"
  resolved "https://registry.yarnpkg.com/@types/node/-/node-20.12.8.tgz#35897bf2bfe3469847ab04634636de09552e8256"
  integrity sha512-NU0rJLJnshZWdE/097cdCBbyW1h4hEg0xpovcoAQYHl8dnEyp/NAOiE45pvc+Bd1Dt+2r94v2eGFpQJ4R7g+2w==
  dependencies:
    undici-types "~5.26.4"

dotenv@^16.4.5:
  version "16.4.5"
  resolved "https://registry.yarnpkg.com/dotenv/-/dotenv-16.4.5.tgz#cdd3b3b604cb327e286b4762e13502f717cb099f"
  integrity sha512-ZmdL2rui+eB2YwhsWzjInR8LldtZHGDoQ1ugH85ppHKwpUHL7j7rN0Ti9NCnGiQbhaZ11FpR+7ao1dNsmduNUg==

fsevents@2.3.2:
  version "2.3.2"
  resolved "https://registry.yarnpkg.com/fsevents/-/fsevents-2.3.2.tgz#8a526f78b8fdf4623b709e0b975c52c24c02fd1a"
  integrity sha512-xiqMQR4xAeHTuB9uWm+fFRcIOgKBMiOBP+eXiyT7jsgVCq1bkVygt00oASowB7EdtpOHaaPgKt812P9ab+DDKA==

playwright-core@1.46.1:
  version "1.46.1"
  resolved "https://registry.yarnpkg.com/playwright-core/-/playwright-core-1.46.1.tgz#28f3ab35312135dda75b0c92a3e5c0e7edb9cc8b"
  integrity sha512-h9LqIQaAv+CYvWzsZ+h3RsrqCStkBHlgo6/TJlFst3cOTlLghBQlJwPOZKQJTKNaD3QIB7aAVQ+gfWbN3NXB7A==

playwright@1.46.1:
  version "1.46.1"
  resolved "https://registry.yarnpkg.com/playwright/-/playwright-1.46.1.tgz#ea562bc48373648e10420a10c16842f0b227c218"
  integrity sha512-oPcr1yqoXLCkgKtD5eNUPLiN40rYEM39odNpIb6VE6S7/15gJmA1NzVv6zJYusV0e7tzvkU/utBFNa/Kpxmwng==
  dependencies:
    playwright-core "1.46.1"
  optionalDependencies:
    fsevents "2.3.2"

undici-types@~5.26.4:
  version "5.26.5"
  resolved "https://registry.yarnpkg.com/undici-types/-/undici-types-5.26.5.tgz#bcd539893d00b56e964fd2657a4866b221a65617"
  integrity sha512-JlCMO+ehdEIKqlFxk6IfVoAUVmgz7cU7zD/h9XZ0qzeosSHmUJVOzSQvvYSYWXkFXC+IfLKSIffhv0sVZup6pA==
